
Microsoft Visual Studio Solution File, Format Version 12.00
# Visual Studio 15
VisualStudioVersion = 15.0.28307.779
MinimumVisualStudioVersion = 10.0.40219.1
Project("{9A19103F-16F7-4668-BE54-9A1E7A4F7556}") = "LanguageFeatures", "LanguageFeatures\LanguageFeatures.csproj", "{8F4B50D0-4207-4605-85D8-33F44E47B4A4}"
EndProject
Project("{FAE04EC0-301F-11D3-BF4B-00C04F79EFBC}") = "Razor", "Razor\Razor.csproj", "{433F0893-F8D9-4316-8043-9E98ACB130BD}"
EndProject
Global
	GlobalSection(SolutionConfigurationPlatforms) = preSolution
		Debug|Any CPU = Debug|Any CPU
		Release|Any CPU = Release|Any CPU
	EndGlobalSection
	GlobalSection(ProjectConfigurationPlatforms) = postSolution
		{8F4B50D0-4207-4605-85D8-33F44E47B4A4}.Debug|Any CPU.ActiveCfg = Debug|Any CPU
		{8F4B50D0-4207-4605-85D8-33F44E47B4A4}.Debug|Any CPU.Build.0 = Debug|Any CPU
		{8F4B50D0-4207-4605-85D8-33F44E47B4A4}.Release|Any CPU.ActiveCfg = Release|Any CPU
		{8F4B50D0-4207-4605-85D8-33F44E47B4A4}.Release|Any CPU.Build.0 = Release|Any CPU
		{433F0893-F8D9-4316-8043-9E98ACB130BD}.Debug|Any CPU.ActiveCfg = Debug|Any CPU
		{433F0893-F8D9-4316-8043-9E98ACB130BD}.Debug|Any CPU.Build.0 = Debug|Any CPU
		{433F0893-F8D9-4316-8043-9E98ACB130BD}.Release|Any CPU.ActiveCfg = Release|Any CPU
		{433F0893-F8D9-4316-8043-9E98ACB130BD}.Release|Any CPU.Build.0 = Release|Any CPU
	EndGlobalSection
	GlobalSection(SolutionProperties) = preSolution
		HideSolutionNode = FALSE
	EndGlobalSection
	GlobalSection(ExtensibilityGlobals) = postSolution
		SolutionGuid = {89100676-AC95-4F1E-875B-FDB4AD474369}
	EndGlobalSection
EndGlobal
